// !$*UTF8*$!
{
	archiveVersion = 1;
	classes = {
	};
	objectVersion = 51;
	objects = {

/* Begin PBXBuildFile section */
		6C63254F245BB565009592B2 /* AppDelegate.swift in Sources */ = {isa = PBXBuildFile; fileRef = 6C63254E245BB565009592B2 /* AppDelegate.swift */; };
		6C632551245BB565009592B2 /* SceneDelegate.swift in Sources */ = {isa = PBXBuildFile; fileRef = 6C632550245BB565009592B2 /* SceneDelegate.swift */; };
		6C632556245BB565009592B2 /* Main.storyboard in Resources */ = {isa = PBXBuildFile; fileRef = 6C632554245BB565009592B2 /* Main.storyboard */; };
		6C632558245BB569009592B2 /* Assets.xcassets in Resources */ = {isa = PBXBuildFile; fileRef = 6C632557245BB569009592B2 /* Assets.xcassets */; };
		6C63255B245BB569009592B2 /* LaunchScreen.storyboard in Resources */ = {isa = PBXBuildFile; fileRef = 6C632559245BB569009592B2 /* LaunchScreen.storyboard */; };
		6C632567245BB8C1009592B2 /* GoogleService-Info.plist in Resources */ = {isa = PBXBuildFile; fileRef = 6C632566245BB8C1009592B2 /* GoogleService-Info.plist */; };
		6C63256E245BBD83009592B2 /* Login.storyboard in Resources */ = {isa = PBXBuildFile; fileRef = 6C63256D245BBD83009592B2 /* Login.storyboard */; };
		6C632570245BBDDB009592B2 /* LoginController.swift in Sources */ = {isa = PBXBuildFile; fileRef = 6C63256F245BBDDB009592B2 /* LoginController.swift */; };
		6C632572245BBE66009592B2 /* MainTabBarController.swift in Sources */ = {isa = PBXBuildFile; fileRef = 6C632571245BBE66009592B2 /* MainTabBarController.swift */; };
		6C632574245BBE87009592B2 /* ProfileController.swift in Sources */ = {isa = PBXBuildFile; fileRef = 6C632573245BBE87009592B2 /* ProfileController.swift */; };
		6C632576245BBE95009592B2 /* FeedController.swift in Sources */ = {isa = PBXBuildFile; fileRef = 6C632575245BBE95009592B2 /* FeedController.swift */; };
		6C632578245BBEBA009592B2 /* CreatePostController.swift in Sources */ = {isa = PBXBuildFile; fileRef = 6C632577245BBEBA009592B2 /* CreatePostController.swift */; };
		6C63257A245BBEE8009592B2 /* DetailController.swift in Sources */ = {isa = PBXBuildFile; fileRef = 6C632579245BBEE8009592B2 /* DetailController.swift */; };
		6C63257C245BBF26009592B2 /* PostController.swift in Sources */ = {isa = PBXBuildFile; fileRef = 6C63257B245BBF26009592B2 /* PostController.swift */; };
		6C63257E245BBF95009592B2 /* FeedCell.swift in Sources */ = {isa = PBXBuildFile; fileRef = 6C63257D245BBF95009592B2 /* FeedCell.swift */; };
		6C632580245BBFBD009592B2 /* PostCell.swift in Sources */ = {isa = PBXBuildFile; fileRef = 6C63257F245BBFBD009592B2 /* PostCell.swift */; };
		6C632582245BBFE3009592B2 /* Photo.swift in Sources */ = {isa = PBXBuildFile; fileRef = 6C632581245BBFE3009592B2 /* Photo.swift */; };
		6C632584245BC005009592B2 /* AuthenticationSession.swift in Sources */ = {isa = PBXBuildFile; fileRef = 6C632583245BC005009592B2 /* AuthenticationSession.swift */; };
		6C632586245BC013009592B2 /* DataBaseService.swift in Sources */ = {isa = PBXBuildFile; fileRef = 6C632585245BC013009592B2 /* DataBaseService.swift */; };
		6C632588245BC01E009592B2 /* StorageService.swift in Sources */ = {isa = PBXBuildFile; fileRef = 6C632587245BC01E009592B2 /* StorageService.swift */; };
		6C63258B245BC95D009592B2 /* UIAlertController + showAlert.swift in Sources */ = {isa = PBXBuildFile; fileRef = 6C63258A245BC95D009592B2 /* UIAlertController + showAlert.swift */; };
		F31B2100C9674B453599C8C1 /* Pods_instagram.framework in Frameworks */ = {isa = PBXBuildFile; fileRef = 4D55B997B0E9BEB17B58B780 /* Pods_instagram.framework */; };
/* End PBXBuildFile section */

/* Begin PBXFileReference section */
		4D55B997B0E9BEB17B58B780 /* Pods_instagram.framework */ = {isa = PBXFileReference; explicitFileType = wrapper.framework; includeInIndex = 0; path = Pods_instagram.framework; sourceTree = BUILT_PRODUCTS_DIR; };
		6C63254B245BB565009592B2 /* instagram.app */ = {isa = PBXFileReference; explicitFileType = wrapper.application; includeInIndex = 0; path = instagram.app; sourceTree = BUILT_PRODUCTS_DIR; };
		6C63254E245BB565009592B2 /* AppDelegate.swift */ = {isa = PBXFileReference; lastKnownFileType = sourcecode.swift; path = AppDelegate.swift; sourceTree = "<group>"; };
		6C632550245BB565009592B2 /* SceneDelegate.swift */ = {isa = PBXFileReference; lastKnownFileType = sourcecode.swift; path = SceneDelegate.swift; sourceTree = "<group>"; };
		6C632555245BB565009592B2 /* Base */ = {isa = PBXFileReference; lastKnownFileType = file.storyboard; name = Base; path = Base.lproj/Main.storyboard; sourceTree = "<group>"; };
		6C632557245BB569009592B2 /* Assets.xcassets */ = {isa = PBXFileReference; lastKnownFileType = folder.assetcatalog; path = Assets.xcassets; sourceTree = "<group>"; };
		6C63255A245BB569009592B2 /* Base */ = {isa = PBXFileReference; lastKnownFileType = file.storyboard; name = Base; path = Base.lproj/LaunchScreen.storyboard; sourceTree = "<group>"; };
		6C63255C245BB569009592B2 /* Info.plist */ = {isa = PBXFileReference; lastKnownFileType = text.plist.xml; path = Info.plist; sourceTree = "<group>"; };
		6C632566245BB8C1009592B2 /* GoogleService-Info.plist */ = {isa = PBXFileReference; fileEncoding = 4; lastKnownFileType = text.plist.xml; path = "GoogleService-Info.plist"; sourceTree = "<group>"; };
		6C63256D245BBD83009592B2 /* Login.storyboard */ = {isa = PBXFileReference; lastKnownFileType = file.storyboard; path = Login.storyboard; sourceTree = "<group>"; };
		6C63256F245BBDDB009592B2 /* LoginController.swift */ = {isa = PBXFileReference; lastKnownFileType = sourcecode.swift; path = LoginController.swift; sourceTree = "<group>"; };
		6C632571245BBE66009592B2 /* MainTabBarController.swift */ = {isa = PBXFileReference; lastKnownFileType = sourcecode.swift; path = MainTabBarController.swift; sourceTree = "<group>"; };
		6C632573245BBE87009592B2 /* ProfileController.swift */ = {isa = PBXFileReference; lastKnownFileType = sourcecode.swift; path = ProfileController.swift; sourceTree = "<group>"; };
		6C632575245BBE95009592B2 /* FeedController.swift */ = {isa = PBXFileReference; lastKnownFileType = sourcecode.swift; path = FeedController.swift; sourceTree = "<group>"; };
		6C632577245BBEBA009592B2 /* CreatePostController.swift */ = {isa = PBXFileReference; lastKnownFileType = sourcecode.swift; path = CreatePostController.swift; sourceTree = "<group>"; };
		6C632579245BBEE8009592B2 /* DetailController.swift */ = {isa = PBXFileReference; lastKnownFileType = sourcecode.swift; path = DetailController.swift; sourceTree = "<group>"; };
		6C63257B245BBF26009592B2 /* PostController.swift */ = {isa = PBXFileReference; lastKnownFileType = sourcecode.swift; path = PostController.swift; sourceTree = "<group>"; };
		6C63257D245BBF95009592B2 /* FeedCell.swift */ = {isa = PBXFileReference; lastKnownFileType = sourcecode.swift; path = FeedCell.swift; sourceTree = "<group>"; };
		6C63257F245BBFBD009592B2 /* PostCell.swift */ = {isa = PBXFileReference; lastKnownFileType = sourcecode.swift; path = PostCell.swift; sourceTree = "<group>"; };
		6C632581245BBFE3009592B2 /* Photo.swift */ = {isa = PBXFileReference; lastKnownFileType = sourcecode.swift; path = Photo.swift; sourceTree = "<group>"; };
		6C632583245BC005009592B2 /* AuthenticationSession.swift */ = {isa = PBXFileReference; lastKnownFileType = sourcecode.swift; path = AuthenticationSession.swift; sourceTree = "<group>"; };
		6C632585245BC013009592B2 /* DataBaseService.swift */ = {isa = PBXFileReference; lastKnownFileType = sourcecode.swift; path = DataBaseService.swift; sourceTree = "<group>"; };
		6C632587245BC01E009592B2 /* StorageService.swift */ = {isa = PBXFileReference; lastKnownFileType = sourcecode.swift; path = StorageService.swift; sourceTree = "<group>"; };
		6C63258A245BC95D009592B2 /* UIAlertController + showAlert.swift */ = {isa = PBXFileReference; lastKnownFileType = sourcecode.swift; path = "UIAlertController + showAlert.swift"; sourceTree = "<group>"; };
		91925F70DA5850CC40523133 /* Pods-instagram.release.xcconfig */ = {isa = PBXFileReference; includeInIndex = 1; lastKnownFileType = text.xcconfig; name = "Pods-instagram.release.xcconfig"; path = "Target Support Files/Pods-instagram/Pods-instagram.release.xcconfig"; sourceTree = "<group>"; };
		D41F6F0D0BFA57A6039085BD /* Pods-instagram.debug.xcconfig */ = {isa = PBXFileReference; includeInIndex = 1; lastKnownFileType = text.xcconfig; name = "Pods-instagram.debug.xcconfig"; path = "Target Support Files/Pods-instagram/Pods-instagram.debug.xcconfig"; sourceTree = "<group>"; };
/* End PBXFileReference section */

/* Begin PBXFrameworksBuildPhase section */
		6C632548245BB565009592B2 /* Frameworks */ = {
			isa = PBXFrameworksBuildPhase;
			buildActionMask = 2147483647;
			files = (
				F31B2100C9674B453599C8C1 /* Pods_instagram.framework in Frameworks */,
			);
			runOnlyForDeploymentPostprocessing = 0;
		};
/* End PBXFrameworksBuildPhase section */

/* Begin PBXGroup section */
		029503D2E44F9A5215C80E63 /* Pods */ = {
			isa = PBXGroup;
			children = (
				D41F6F0D0BFA57A6039085BD /* Pods-instagram.debug.xcconfig */,
				91925F70DA5850CC40523133 /* Pods-instagram.release.xcconfig */,
			);
			path = Pods;
			sourceTree = "<group>";
		};
		6C632542245BB565009592B2 = {
			isa = PBXGroup;
			children = (
				6C63254D245BB565009592B2 /* instagram */,
				6C63254C245BB565009592B2 /* Products */,
				029503D2E44F9A5215C80E63 /* Pods */,
				6FB623AF164B87080982CC8B /* Frameworks */,
			);
			sourceTree = "<group>";
		};
		6C63254C245BB565009592B2 /* Products */ = {
			isa = PBXGroup;
			children = (
				6C63254B245BB565009592B2 /* instagram.app */,
			);
			name = Products;
			sourceTree = "<group>";
		};
		6C63254D245BB565009592B2 /* instagram */ = {
			isa = PBXGroup;
			children = (
				6C632589245BC928009592B2 /* Extension */,
				6C63256A245BBD12009592B2 /* FirebaseService */,
				6C632569245BBD0C009592B2 /* Model */,
				6C632568245BBD00009592B2 /* ViewController */,
				6C63256C245BBD44009592B2 /* Storyboard */,
				6C63256B245BBD22009592B2 /* SupportingFile */,
				6C63255C245BB569009592B2 /* Info.plist */,
				6C632566245BB8C1009592B2 /* GoogleService-Info.plist */,
			);
			path = instagram;
			sourceTree = "<group>";
		};
		6C632568245BBD00009592B2 /* ViewController */ = {
			isa = PBXGroup;
			children = (
				6C63256F245BBDDB009592B2 /* LoginController.swift */,
				6C632571245BBE66009592B2 /* MainTabBarController.swift */,
				6C632573245BBE87009592B2 /* ProfileController.swift */,
				6C632575245BBE95009592B2 /* FeedController.swift */,
				6C632577245BBEBA009592B2 /* CreatePostController.swift */,
				6C632579245BBEE8009592B2 /* DetailController.swift */,
				6C63257B245BBF26009592B2 /* PostController.swift */,
			);
			path = ViewController;
			sourceTree = "<group>";
		};
		6C632569245BBD0C009592B2 /* Model */ = {
			isa = PBXGroup;
			children = (
				6C63257D245BBF95009592B2 /* FeedCell.swift */,
				6C63257F245BBFBD009592B2 /* PostCell.swift */,
				6C632581245BBFE3009592B2 /* Photo.swift */,
			);
			path = Model;
			sourceTree = "<group>";
		};
		6C63256A245BBD12009592B2 /* FirebaseService */ = {
			isa = PBXGroup;
			children = (
				6C632583245BC005009592B2 /* AuthenticationSession.swift */,
				6C632585245BC013009592B2 /* DataBaseService.swift */,
				6C632587245BC01E009592B2 /* StorageService.swift */,
			);
			path = FirebaseService;
			sourceTree = "<group>";
		};
		6C63256B245BBD22009592B2 /* SupportingFile */ = {
			isa = PBXGroup;
			children = (
				6C63254E245BB565009592B2 /* AppDelegate.swift */,
				6C632550245BB565009592B2 /* SceneDelegate.swift */,
				6C632557245BB569009592B2 /* Assets.xcassets */,
				6C632559245BB569009592B2 /* LaunchScreen.storyboard */,
			);
			path = SupportingFile;
			sourceTree = "<group>";
		};
		6C63256C245BBD44009592B2 /* Storyboard */ = {
			isa = PBXGroup;
			children = (
				6C632554245BB565009592B2 /* Main.storyboard */,
				6C63256D245BBD83009592B2 /* Login.storyboard */,
			);
			path = Storyboard;
			sourceTree = "<group>";
		};
		6C632589245BC928009592B2 /* Extension */ = {
			isa = PBXGroup;
			children = (
				6C63258A245BC95D009592B2 /* UIAlertController + showAlert.swift */,
			);
			path = Extension;
			sourceTree = "<group>";
		};
		6FB623AF164B87080982CC8B /* Frameworks */ = {
			isa = PBXGroup;
			children = (
				4D55B997B0E9BEB17B58B780 /* Pods_instagram.framework */,
			);
			name = Frameworks;
			sourceTree = "<group>";
		};
/* End PBXGroup section */

/* Begin PBXNativeTarget section */
		6C63254A245BB565009592B2 /* instagram */ = {
			isa = PBXNativeTarget;
			buildConfigurationList = 6C63255F245BB569009592B2 /* Build configuration list for PBXNativeTarget "instagram" */;
			buildPhases = (
				5F191E600A5F6A012EB0C4B1 /* [CP] Check Pods Manifest.lock */,
				6C632547245BB565009592B2 /* Sources */,
				6C632548245BB565009592B2 /* Frameworks */,
				6C632549245BB565009592B2 /* Resources */,
				0D88CBB4C3935F3634763752 /* [CP] Embed Pods Frameworks */,
			);
			buildRules = (
			);
			dependencies = (
			);
			name = instagram;
			productName = instagram;
			productReference = 6C63254B245BB565009592B2 /* instagram.app */;
			productType = "com.apple.product-type.application";
		};
/* End PBXNativeTarget section */

/* Begin PBXProject section */
		6C632543245BB565009592B2 /* Project object */ = {
			isa = PBXProject;
			attributes = {
				LastSwiftUpdateCheck = 1140;
				LastUpgradeCheck = 1140;
				ORGANIZATIONNAME = "Edward O'Neill";
				TargetAttributes = {
					6C63254A245BB565009592B2 = {
						CreatedOnToolsVersion = 11.4.1;
					};
				};
			};
			buildConfigurationList = 6C632546245BB565009592B2 /* Build configuration list for PBXProject "instagram" */;
			compatibilityVersion = "Xcode 9.3";
			developmentRegion = en;
			hasScannedForEncodings = 0;
			knownRegions = (
				en,
				Base,
			);
			mainGroup = 6C632542245BB565009592B2;
			productRefGroup = 6C63254C245BB565009592B2 /* Products */;
			projectDirPath = "";
			projectRoot = "";
			targets = (
				6C63254A245BB565009592B2 /* instagram */,
			);
		};
/* End PBXProject section */

/* Begin PBXResourcesBuildPhase section */
		6C632549245BB565009592B2 /* Resources */ = {
			isa = PBXResourcesBuildPhase;
			buildActionMask = 2147483647;
			files = (
				6C63255B245BB569009592B2 /* LaunchScreen.storyboard in Resources */,
				6C632567245BB8C1009592B2 /* GoogleService-Info.plist in Resources */,
				6C632558245BB569009592B2 /* Assets.xcassets in Resources */,
				6C63256E245BBD83009592B2 /* Login.storyboard in Resources */,
				6C632556245BB565009592B2 /* Main.storyboard in Resources */,
			);
			runOnlyForDeploymentPostprocessing = 0;
		};
/* End PBXResourcesBuildPhase section */

/* Begin PBXShellScriptBuildPhase section */
		0D88CBB4C3935F3634763752 /* [CP] Embed Pods Frameworks */ = {
			isa = PBXShellScriptBuildPhase;
			buildActionMask = 2147483647;
			files = (
			);
			inputFileListPaths = (
				"${PODS_ROOT}/Target Support Files/Pods-instagram/Pods-instagram-frameworks-${CONFIGURATION}-input-files.xcfilelist",
			);
			name = "[CP] Embed Pods Frameworks";
			outputFileListPaths = (
				"${PODS_ROOT}/Target Support Files/Pods-instagram/Pods-instagram-frameworks-${CONFIGURATION}-output-files.xcfilelist",
			);
			runOnlyForDeploymentPostprocessing = 0;
			shellPath = /bin/sh;
			shellScript = "\"${PODS_ROOT}/Target Support Files/Pods-instagram/Pods-instagram-frameworks.sh\"\n";
			showEnvVarsInLog = 0;
		};
		5F191E600A5F6A012EB0C4B1 /* [CP] Check Pods Manifest.lock */ = {
			isa = PBXShellScriptBuildPhase;
			buildActionMask = 2147483647;
			files = (
			);
			inputFileListPaths = (
			);
			inputPaths = (
				"${PODS_PODFILE_DIR_PATH}/Podfile.lock",
				"${PODS_ROOT}/Manifest.lock",
			);
			name = "[CP] Check Pods Manifest.lock";
			outputFileListPaths = (
			);
			outputPaths = (
				"$(DERIVED_FILE_DIR)/Pods-instagram-checkManifestLockResult.txt",
			);
			runOnlyForDeploymentPostprocessing = 0;
			shellPath = /bin/sh;
			shellScript = "diff \"${PODS_PODFILE_DIR_PATH}/Podfile.lock\" \"${PODS_ROOT}/Manifest.lock\" > /dev/null\nif [ $? != 0 ] ; then\n    # print error to STDERR\n    echo \"error: The sandbox is not in sync with the Podfile.lock. Run 'pod install' or update your CocoaPods installation.\" >&2\n    exit 1\nfi\n# This output is used by Xcode 'outputs' to avoid re-running this script phase.\necho \"SUCCESS\" > \"${SCRIPT_OUTPUT_FILE_0}\"\n";
			showEnvVarsInLog = 0;
		};
/* End PBXShellScriptBuildPhase section */

/* Begin PBXSourcesBuildPhase section */
		6C632547245BB565009592B2 /* Sources */ = {
			isa = PBXSourcesBuildPhase;
			buildActionMask = 2147483647;
			files = (
				6C632582245BBFE3009592B2 /* Photo.swift in Sources */,
				6C63257A245BBEE8009592B2 /* DetailController.swift in Sources */,
				6C632574245BBE87009592B2 /* ProfileController.swift in Sources */,
				6C632578245BBEBA009592B2 /* CreatePostController.swift in Sources */,
				6C632576245BBE95009592B2 /* FeedController.swift in Sources */,
				6C63254F245BB565009592B2 /* AppDelegate.swift in Sources */,
				6C632586245BC013009592B2 /* DataBaseService.swift in Sources */,
				6C63257E245BBF95009592B2 /* FeedCell.swift in Sources */,
				6C63257C245BBF26009592B2 /* PostController.swift in Sources */,
				6C632570245BBDDB009592B2 /* LoginController.swift in Sources */,
				6C632588245BC01E009592B2 /* StorageService.swift in Sources */,
				6C632580245BBFBD009592B2 /* PostCell.swift in Sources */,
				6C63258B245BC95D009592B2 /* UIAlertController + showAlert.swift in Sources */,
				6C632572245BBE66009592B2 /* MainTabBarController.swift in Sources */,
				6C632551245BB565009592B2 /* SceneDelegate.swift in Sources */,
				6C632584245BC005009592B2 /* AuthenticationSession.swift in Sources */,
			);
			runOnlyForDeploymentPostprocessing = 0;
		};
/* End PBXSourcesBuildPhase section */

/* Begin PBXVariantGroup section */
		6C632554245BB565009592B2 /* Main.storyboard */ = {
			isa = PBXVariantGroup;
			children = (
				6C632555245BB565009592B2 /* Base */,
			);
			name = Main.storyboard;
			sourceTree = "<group>";
		};
		6C632559245BB569009592B2 /* LaunchScreen.storyboard */ = {
			isa = PBXVariantGroup;
			children = (
				6C63255A245BB569009592B2 /* Base */,
			);
			name = LaunchScreen.storyboard;
			sourceTree = "<group>";
		};
/* End PBXVariantGroup section */

/* Begin XCBuildConfiguration section */
		6C63255D245BB569009592B2 /* Debug */ = {
			isa = XCBuildConfiguration;
			buildSettings = {
				ALWAYS_SEARCH_USER_PATHS = NO;
				CLANG_ANALYZER_NONNULL = YES;
				CLANG_ANALYZER_NUMBER_OBJECT_CONVERSION = YES_AGGRESSIVE;
				CLANG_CXX_LANGUAGE_STANDARD = "gnu++14";
				CLANG_CXX_LIBRARY = "libc++";
				CLANG_ENABLE_MODULES = YES;
				CLANG_ENABLE_OBJC_ARC = YES;
				CLANG_ENABLE_OBJC_WEAK = YES;
				CLANG_WARN_BLOCK_CAPTURE_AUTORELEASING = YES;
				CLANG_WARN_BOOL_CONVERSION = YES;
				CLANG_WARN_COMMA = YES;
				CLANG_WARN_CONSTANT_CONVERSION = YES;
				CLANG_WARN_DEPRECATED_OBJC_IMPLEMENTATIONS = YES;
				CLANG_WARN_DIRECT_OBJC_ISA_USAGE = YES_ERROR;
				CLANG_WARN_DOCUMENTATION_COMMENTS = YES;
				CLANG_WARN_EMPTY_BODY = YES;
				CLANG_WARN_ENUM_CONVERSION = YES;
				CLANG_WARN_INFINITE_RECURSION = YES;
				CLANG_WARN_INT_CONVERSION = YES;
				CLANG_WARN_NON_LITERAL_NULL_CONVERSION = YES;
				CLANG_WARN_OBJC_IMPLICIT_RETAIN_SELF = YES;
				CLANG_WARN_OBJC_LITERAL_CONVERSION = YES;
				CLANG_WARN_OBJC_ROOT_CLASS = YES_ERROR;
				CLANG_WARN_RANGE_LOOP_ANALYSIS = YES;
				CLANG_WARN_STRICT_PROTOTYPES = YES;
				CLANG_WARN_SUSPICIOUS_MOVE = YES;
				CLANG_WARN_UNGUARDED_AVAILABILITY = YES_AGGRESSIVE;
				CLANG_WARN_UNREACHABLE_CODE = YES;
				CLANG_WARN__DUPLICATE_METHOD_MATCH = YES;
				COPY_PHASE_STRIP = NO;
				DEBUG_INFORMATION_FORMAT = dwarf;
				ENABLE_STRICT_OBJC_MSGSEND = YES;
				ENABLE_TESTABILITY = YES;
				GCC_C_LANGUAGE_STANDARD = gnu11;
				GCC_DYNAMIC_NO_PIC = NO;
				GCC_NO_COMMON_BLOCKS = YES;
				GCC_OPTIMIZATION_LEVEL = 0;
				GCC_PREPROCESSOR_DEFINITIONS = (
					"DEBUG=1",
					"$(inherited)",
				);
				GCC_WARN_64_TO_32_BIT_CONVERSION = YES;
				GCC_WARN_ABOUT_RETURN_TYPE = YES_ERROR;
				GCC_WARN_UNDECLARED_SELECTOR = YES;
				GCC_WARN_UNINITIALIZED_AUTOS = YES_AGGRESSIVE;
				GCC_WARN_UNUSED_FUNCTION = YES;
				GCC_WARN_UNUSED_VARIABLE = YES;
				IPHONEOS_DEPLOYMENT_TARGET = 13.4;
				MTL_ENABLE_DEBUG_INFO = INCLUDE_SOURCE;
				MTL_FAST_MATH = YES;
				ONLY_ACTIVE_ARCH = YES;
				SDKROOT = iphoneos;
				SWIFT_ACTIVE_COMPILATION_CONDITIONS = DEBUG;
				SWIFT_OPTIMIZATION_LEVEL = "-Onone";
			};
			name = Debug;
		};
		6C63255E245BB569009592B2 /* Release */ = {
			isa = XCBuildConfiguration;
			buildSettings = {
				ALWAYS_SEARCH_USER_PATHS = NO;
				CLANG_ANALYZER_NONNULL = YES;
				CLANG_ANALYZER_NUMBER_OBJECT_CONVERSION = YES_AGGRESSIVE;
				CLANG_CXX_LANGUAGE_STANDARD = "gnu++14";
				CLANG_CXX_LIBRARY = "libc++";
				CLANG_ENABLE_MODULES = YES;
				CLANG_ENABLE_OBJC_ARC = YES;
				CLANG_ENABLE_OBJC_WEAK = YES;
				CLANG_WARN_BLOCK_CAPTURE_AUTORELEASING = YES;
				CLANG_WARN_BOOL_CONVERSION = YES;
				CLANG_WARN_COMMA = YES;
				CLANG_WARN_CONSTANT_CONVERSION = YES;
				CLANG_WARN_DEPRECATED_OBJC_IMPLEMENTATIONS = YES;
				CLANG_WARN_DIRECT_OBJC_ISA_USAGE = YES_ERROR;
				CLANG_WARN_DOCUMENTATION_COMMENTS = YES;
				CLANG_WARN_EMPTY_BODY = YES;
				CLANG_WARN_ENUM_CONVERSION = YES;
				CLANG_WARN_INFINITE_RECURSION = YES;
				CLANG_WARN_INT_CONVERSION = YES;
				CLANG_WARN_NON_LITERAL_NULL_CONVERSION = YES;
				CLANG_WARN_OBJC_IMPLICIT_RETAIN_SELF = YES;
				CLANG_WARN_OBJC_LITERAL_CONVERSION = YES;
				CLANG_WARN_OBJC_ROOT_CLASS = YES_ERROR;
				CLANG_WARN_RANGE_LOOP_ANALYSIS = YES;
				CLANG_WARN_STRICT_PROTOTYPES = YES;
				CLANG_WARN_SUSPICIOUS_MOVE = YES;
				CLANG_WARN_UNGUARDED_AVAILABILITY = YES_AGGRESSIVE;
				CLANG_WARN_UNREACHABLE_CODE = YES;
				CLANG_WARN__DUPLICATE_METHOD_MATCH = YES;
				COPY_PHASE_STRIP = NO;
				DEBUG_INFORMATION_FORMAT = "dwarf-with-dsym";
				ENABLE_NS_ASSERTIONS = NO;
				ENABLE_STRICT_OBJC_MSGSEND = YES;
				GCC_C_LANGUAGE_STANDARD = gnu11;
				GCC_NO_COMMON_BLOCKS = YES;
				GCC_WARN_64_TO_32_BIT_CONVERSION = YES;
				GCC_WARN_ABOUT_RETURN_TYPE = YES_ERROR;
				GCC_WARN_UNDECLARED_SELECTOR = YES;
				GCC_WARN_UNINITIALIZED_AUTOS = YES_AGGRESSIVE;
				GCC_WARN_UNUSED_FUNCTION = YES;
				GCC_WARN_UNUSED_VARIABLE = YES;
				IPHONEOS_DEPLOYMENT_TARGET = 13.4;
				MTL_ENABLE_DEBUG_INFO = NO;
				MTL_FAST_MATH = YES;
				SDKROOT = iphoneos;
				SWIFT_COMPILATION_MODE = wholemodule;
				SWIFT_OPTIMIZATION_LEVEL = "-O";
				VALIDATE_PRODUCT = YES;
			};
			name = Release;
		};
		6C632560245BB569009592B2 /* Debug */ = {
			isa = XCBuildConfiguration;
			baseConfigurationReference = D41F6F0D0BFA57A6039085BD /* Pods-instagram.debug.xcconfig */;
			buildSettings = {
				ASSETCATALOG_COMPILER_APPICON_NAME = AppIcon;
				CODE_SIGN_STYLE = Automatic;
				DEVELOPMENT_TEAM = 3AKWB6WDMH;
				INFOPLIST_FILE = instagram/Info.plist;
				LD_RUNPATH_SEARCH_PATHS = (
					"$(inherited)",
					"@executable_path/Frameworks",
				);
				PRODUCT_BUNDLE_IDENTIFIER = com.edward.instagram;
				PRODUCT_NAME = "$(TARGET_NAME)";
				SWIFT_VERSION = 5.0;
				TARGETED_DEVICE_FAMILY = "1,2";
			};
			name = Debug;
		};
		6C632561245BB569009592B2 /* Release */ = {
			isa = XCBuildConfiguration;
			baseConfigurationReference = 91925F70DA5850CC40523133 /* Pods-instagram.release.xcconfig */;
			buildSettings = {
				ASSETCATALOG_COMPILER_APPICON_NAME = AppIcon;
				CODE_SIGN_STYLE = Automatic;
				DEVELOPMENT_TEAM = 3AKWB6WDMH;
				INFOPLIST_FILE = instagram/Info.plist;
				LD_RUNPATH_SEARCH_PATHS = (
					"$(inherited)",
					"@executable_path/Frameworks",
				);
				PRODUCT_BUNDLE_IDENTIFIER = com.edward.instagram;
				PRODUCT_NAME = "$(TARGET_NAME)";
				SWIFT_VERSION = 5.0;
				TARGETED_DEVICE_FAMILY = "1,2";
			};
			name = Release;
		};
/* End XCBuildConfiguration section */

/* Begin XCConfigurationList section */
		6C632546245BB565009592B2 /* Build configuration list for PBXProject "instagram" */ = {
			isa = XCConfigurationList;
			buildConfigurations = (
				6C63255D245BB569009592B2 /* Debug */,
				6C63255E245BB569009592B2 /* Release */,
			);
			defaultConfigurationIsVisible = 0;
			defaultConfigurationName = Release;
		};
		6C63255F245BB569009592B2 /* Build configuration list for PBXNativeTarget "instagram" */ = {
			isa = XCConfigurationList;
			buildConfigurations = (
				6C632560245BB569009592B2 /* Debug */,
				6C632561245BB569009592B2 /* Release */,
			);
			defaultConfigurationIsVisible = 0;
			defaultConfigurationName = Release;
		};
/* End XCConfigurationList section */
	};
	rootObject = 6C632543245BB565009592B2 /* Project object */;
}
